PODS:
  - AFNetworking (2.2.4):
    - AFNetworking/NSURLConnection
    - AFNetworking/NSURLSession
    - AFNetworking/Reachability
    - AFNetworking/Security
    - AFNetworking/Serialization
    - AFNetworking/UIKit
  - AFNetworking/NSURLConnection (2.2.4):
    - AFNetworking/Reachability
    - AFNetworking/Security
    - AFNetworking/Serialization
  - AFNetworking/NSURLSession (2.2.4):
    - AFNetworking/NSURLConnection
  - AFNetworking/Reachability (2.2.4)
  - AFNetworking/Security (2.2.4)
  - AFNetworking/Serialization (2.2.4)
  - AFNetworking/UIKit (2.2.4):
    - AFNetworking/NSURLConnection
    - AFNetworking/NSURLSession
  - Bolts (1.0.0)
  - Expecta (0.3.0)
  - MBProgressHUD (0.8)
  - OCMock (2.2.4)
  - OHHTTPStubs (3.1.1)
  - pop (1.0.5)
  - Specta (0.2.1)

DEPENDENCIES:
  - AFNetworking (~> 2.0)
  - Bolts (~> 1.0.0)
  - Expecta
  - MBProgressHUD (~> 0.8)
  - OCMock
  - OHHTTPStubs
  - pop (~> 1.0)
  - Specta

SPEC CHECKSUMS:
  AFNetworking: ab63e259fe91eef4519b371ef0a4955af0e73e64
  Bolts: 0d6132ce6856f2eac784cfeb3fc3feceac15eae3
  Expecta: ce8a51b9fad15a2cd573b291cb2909aaed865350
  MBProgressHUD: c356980b0cd097f19acec959b49dca5eb8ec31be
  OCMock: 6db79185520e24f9f299548f2b8b07e41d881bd5
  OHHTTPStubs: 58b42d245ad2416bac170ce18e1383913d17e315
  pop: 75fa2b33934200a8a68abb449ac1726fcf7e43b9
  Specta: 9141310f46b1f68b676650ff2854e1ed0b74163a

COCOAPODS: 0.33.1
